
Microsoft Visual Studio Solution File, Format Version 12.00
# Visual Studio Version 17
VisualStudioVersion = 17.14.36203.30
MinimumVisualStudioVersion = 10.0.40219.1
Project("{FAE04EC0-301F-11D3-BF4B-00C04F79EFBC}") = "app-interfaces", "app-interfaces\app-interfaces.csproj", "{3E9793F5-BAB6-473F-A9E6-9D3A094A8347}"
EndProject
Project("{FAE04EC0-301F-11D3-BF4B-00C04F79EFBC}") = "biblio-inheritance", "biblio-inheritance\biblio-inheritance.csproj", "{98176A7C-0A1E-4F32-8ED2-D6D677A92F12}"
EndProject
Project("{FAE04EC0-301F-11D3-BF4B-00C04F79EFBC}") = "web-api", "web-api\web-api.csproj", "{C8A69CCC-D811-4574-AF2A-859735E9F5EC}"
EndProject
Global
	GlobalSection(SolutionConfigurationPlatforms) = preSolution
		Debug|Any CPU = Debug|Any CPU
		Release|Any CPU = Release|Any CPU
	EndGlobalSection
	GlobalSection(ProjectConfigurationPlatforms) = postSolution
		{3E9793F5-BAB6-473F-A9E6-9D3A094A8347}.Debug|Any CPU.ActiveCfg = Debug|Any CPU
		{3E9793F5-BAB6-473F-A9E6-9D3A094A8347}.Debug|Any CPU.Build.0 = Debug|Any CPU
		{3E9793F5-BAB6-473F-A9E6-9D3A094A8347}.Release|Any CPU.ActiveCfg = Release|Any CPU
		{3E9793F5-BAB6-473F-A9E6-9D3A094A8347}.Release|Any CPU.Build.0 = Release|Any CPU
		{98176A7C-0A1E-4F32-8ED2-D6D677A92F12}.Debug|Any CPU.ActiveCfg = Debug|Any CPU
		{98176A7C-0A1E-4F32-8ED2-D6D677A92F12}.Debug|Any CPU.Build.0 = Debug|Any CPU
		{98176A7C-0A1E-4F32-8ED2-D6D677A92F12}.Release|Any CPU.ActiveCfg = Release|Any CPU
		{98176A7C-0A1E-4F32-8ED2-D6D677A92F12}.Release|Any CPU.Build.0 = Release|Any CPU
		{C8A69CCC-D811-4574-AF2A-859735E9F5EC}.Debug|Any CPU.ActiveCfg = Debug|Any CPU
		{C8A69CCC-D811-4574-AF2A-859735E9F5EC}.Debug|Any CPU.Build.0 = Debug|Any CPU
		{C8A69CCC-D811-4574-AF2A-859735E9F5EC}.Release|Any CPU.ActiveCfg = Release|Any CPU
		{C8A69CCC-D811-4574-AF2A-859735E9F5EC}.Release|Any CPU.Build.0 = Release|Any CPU
	EndGlobalSection
	GlobalSection(SolutionProperties) = preSolution
		HideSolutionNode = FALSE
	EndGlobalSection
	GlobalSection(ExtensibilityGlobals) = postSolution
		SolutionGuid = {5776C207-64D6-44F0-957A-9DED32C61EF9}
	EndGlobalSection
EndGlobal
